
Microsoft Visual Studio Solution File, Format Version 12.00
# Visual Studio Version 16
VisualStudioVersion = 16.0.31702.278
MinimumVisualStudioVersion = 10.0.40219.1
Project("{FAE04EC0-301F-11D3-BF4B-00C04F79EFBC}") = "3.4visokik4varu", "3.4visokik4varu\3.4visokik4varu.csproj", "{CD51EDCD-643F-42C6-B53F-9EB2ABD3240C}"
EndProject
Global
	GlobalSection(SolutionConfigurationPlatforms) = preSolution
		Debug|Any CPU = Debug|Any CPU
		Release|Any CPU = Release|Any CPU
	EndGlobalSection
	GlobalSection(ProjectConfigurationPlatforms) = postSolution
		{CD51EDCD-643F-42C6-B53F-9EB2ABD3240C}.Debug|Any CPU.ActiveCfg = Debug|Any CPU
		{CD51EDCD-643F-42C6-B53F-9EB2ABD3240C}.Debug|Any CPU.Build.0 = Debug|Any CPU
		{CD51EDCD-643F-42C6-B53F-9EB2ABD3240C}.Release|Any CPU.ActiveCfg = Release|Any CPU
		{CD51EDCD-643F-42C6-B53F-9EB2ABD3240C}.Release|Any CPU.Build.0 = Release|Any CPU
	EndGlobalSection
	GlobalSection(SolutionProperties) = preSolution
		HideSolutionNode = FALSE
	EndGlobalSection
	GlobalSection(ExtensibilityGlobals) = postSolution
		SolutionGuid = {579A8DC9-22FE-41ED-9D1C-3E75C946B16A}
	EndGlobalSection
EndGlobal
